# This file is automatically @generated by Poetry 2.2.1 and should not be changed by hand.

[[package]]
name = "ecdsa"
version = "0.18.0"
description = "ECDSA cryptographic signature library (pure python)"
optional = false
python-versions = ">=2.6, !=3.0.*, !=3.1.*, !=3.2.*"
groups = ["main"]
files = [
    {file = "ecdsa-0.18.0-py2.py3-none-any.whl", hash = "sha256:80600258e7ed2f16b9aa1d7c295bd70194109ad5a30fdee0eaeefef1d4c559dd"},
    {file = "ecdsa-0.18.0.tar.gz", hash = "sha256:190348041559e21b22a1d65cee485282ca11a6f81d503fddb84d5017e9ed1e49"},
]

[package.dependencies]
six = ">=1.9.0"

[package.extras]
gmpy = ["gmpy"]
gmpy2 = ["gmpy2"]

[[package]]
name = "pyarmor"
version = "9.2.3"
description = "A tool used to obfuscate python scripts, bind obfuscated scripts to fixed machine or expire obfuscated scripts."
optional = true
python-versions = "*"
groups = ["main"]
markers = "extra == \"pyarmor\""
files = [
    {file = "pyarmor-9.2.3-py3-none-any.whl", hash = "sha256:2ad39b019c957ef247f91f0e690ea0ba5c9755f86262b22cc9fdd65a73567b37"},
    {file = "pyarmor-9.2.3.tar.gz", hash = "sha256:79147cff22d5f555c1dad9f73eae1fa1f7cc30b5f374762350a2b280efad7f3e"},
]

[package.dependencies]
"pyarmor.cli.core" = ">=8.1.0,<8.2.0"

[[package]]
name = "pyarmor-cli-core"
version = "8.1.0"
description = "Provide extension module pytransform3 for Pyarmor"
optional = true
python-versions = "*"
groups = ["main"]
markers = "extra == \"pyarmor\""
files = [
    {file = "pyarmor_cli_core-8.1.0-cp310-none-macosx_10_14_x86_64.whl", hash = "sha256:b8df4634ed70b41018a36bb6a8a2bdfeeacd4dfec37c16e7861c9d6ac16e43dd"},
    {file = "pyarmor_cli_core-8.1.0-cp310-none-macosx_11_0_arm64.whl", hash = "sha256:c89f171e25f7cff3350f2c0a0bbd48ece647e5ec6dca22b7416bbd925bb5b7f3"},
    {file = "pyarmor_cli_core-8.1.0-cp310-none-manylinux1_i686.whl", hash = "sha256:9067657df18557e7860abf58804e67d648db67ec052023a5bbcbac9259751f18"},
    {file = "pyarmor_cli_core-8.1.0-cp310-none-manylinux1_x86_64.whl", hash = "sha256:a6edd9d223e7caa233138c363a431407eb0f7fbb013d262a6413b620b405b69a"},
    {file = "pyarmor_cli_core-8.1.0-cp310-none-manylinux2014_aarch64.whl", hash = "sha256:3a50bd9cb4a35126dba2d0ad166211a5758c234a0610ddeb1e2cba62cbf11f45"},
    {file = "pyarmor_cli_core-8.1.0-cp310-none-manylinux2014_armv7l.whl", hash = "sha256:384a15c08b3914785d528b99bab87c14c342f90546579a5e184eaef2554ea348"},
    {file = "pyarmor_cli_core-8.1.0-cp310-none-musllinux_1_1_aarch64.whl", hash = "sha256:28d211fb03c3b0c5d139271a6d37f0e367b5df887f42f9150a836394d54e6494"},
    {file = "pyarmor_cli_core-8.1.0-cp310-none-musllinux_1_1_x86_64.whl", hash = "sha256:0b0915285656f65803e31973b09057595225e6169c0986cc62ccdae6244abf08"},
    {file = "pyarmor_cli_core-8.1.0-cp310-none-win32.whl", hash = "sha256:d4498960d9fab77df9b692c4a346fa512737fde78bf518a4c17eb39b67e818b7"},
    {file = "pyarmor_cli_core-8.1.0-cp310-none-win_amd64.whl", hash = "sha256:c13a6e51cb8e0ceb73e4a4d3f27b3025df591839aef2447bd23cd0534cb089dd"},
    {file = "pyarmor_cli_core-8.1.0-cp311-none-macosx_10_14_x86_64.whl", hash = "sha256:2698b7f3ca7c23bdce5a255d8ffb2d9215839eea0fe0bde8a70d785749a0f9b8"},
    {file = "pyarmor_cli_core-8.1.0-cp311-none-macosx_11_0_arm64.whl", hash = "sha256:eeb990b1930c328c5aafa47cceae54076b558ab9b50e7c5694b09ea91775653b"},
    {file = "pyarmor_cli_core-8.1.0-cp311-none-manylinux1_i686.whl", hash = "sha256:5385021c5c270bffc4bd347625d305dd182ab2c21efde4d138868e899b5a20ab"},
    {file = "pyarmor_cli_core-8.1.0-cp311-none-manylinux1_x86_64.whl", hash = "sha256:97dcbf08dde2c6653b663ef75d9833c3c75de2701b8a8676927fe494972523b1"},
    {file = "pyarmor_cli_core-8.1.0-cp311-none-manylinux2014_aarch64.whl", hash = "sha256:00387ad6f79e39efbbe0625819cf354fa2e0c62d2ed8d3d0287bf9b063efaf40"},
    {file = "pyarmor_cli_core-8.1.0-cp311-none-manylinux2014_armv7l.whl", hash = "sha256:571aaac32dd9aaa50d1d37a8fcb5036beed43afebf69f50e4c3d4de067719f13"},
    {file = "pyarmor_cli_core-8.1.0-cp311-none-musllinux_1_1_aarch64.whl", hash = "sha256:7dac676711d16ed34364b63d8e9fb225ee032064be57d5f4cb7c0a6b7b6405c0"},
    {file = "pyarmor_cli_core-8.1.0-cp311-none-musllinux_1_1_x86_64.whl", hash = "sha256:b46e59af5f21565440c3c17f468d5f2c7cffb9e5a744d5c17dfaf6971294c27b"},
    {file = "pyarmor_cli_core-8.1.0-cp311-none-win32.whl", hash = "sha256:aba8e66095c752091c9717a484283d4ec7680126d09c00c1ee7c3f9e1ba1de41"},
    {file = "pyarmor_cli_core-8.1.0-cp311-none-win_amd64.whl", hash = "sha256:3a86b845b5590f3f1960a13a216723d3940495dbed4b3f943165c286722422c6"},
    {file = "pyarmor_cli_core-8.1.0-cp312-none-macosx_10_14_x86_64.whl", hash = "sha256:b4a4e93476476c9872f4d6e9f8fadb7e3c7a96ddcef2ae58ecff1ef85c628c76"},
    {file = "pyarmor_cli_core-8.1.0-cp312-none-macosx_11_0_arm64.whl", hash = "sha256:c7ee1998d5682a493fe28cb792654299010f5dd124c5c1f126bc87fddfeaa453"},
    {file = "pyarmor_cli_core-8.1.0-cp312-none-manylinux1_i686.whl", hash = "sha256:da18fa871a3e5cc97646061d5dac38494c2b32138b53caa0b84d6d9ed874d12f"},
    {file = "pyarmor_cli_core-8.1.0-cp312-none-manylinux1_x86_64.whl", hash = "sha256:d170a0ffe44dc662efbc2561753d12b1985f6fe26039029da6d214aca5ae9e79"},
    {file = "pyarmor_cli_core-8.1.0-cp312-none-manylinux2014_aarch64.whl", hash = "sha256:479e24ca6444bcc3849034f37b723146063290866cabe20186723db41c9b72e7"},
    {file = "pyarmor_cli_core-8.1.0-cp312-none-manylinux2014_armv7l.whl", hash = "sha256:8c0c1e3799575bf3bbdc069237b02d6b6cdca030382002a4ba0c2dd4978c61c5"},
    {file = "pyarmor_cli_core-8.1.0-cp312-none-musllinux_1_1_aarch64.whl", hash = "sha256:b965929843cb4d44407ac4ace7200548d3c01db75d2b8d271d99d5e7a402257e"},
    {file = "pyarmor_cli_core-8.1.0-cp312-none-musllinux_1_1_x86_64.whl", hash = "sha256:53b465ce8091a3ebd73ea7d374c6b4c9bc02d408f6bf742915e365145b02a227"},
    {file = "pyarmor_cli_core-8.1.0-cp312-none-win32.whl", hash = "sha256:926f04af648e6f763d7aed049ebcb2713a36ffc9d059ba6a1e4d094a859d7f7c"},
    {file = "pyarmor_cli_core-8.1.0-cp312-none-win_amd64.whl", hash = "sha256:846ae067a0fb2b94262fb437f863054f1661e6452bd5e77894cf8d40ca909a82"},
    {file = "pyarmor_cli_core-8.1.0-cp313-none-macosx_10_14_x86_64.whl", hash = "sha256:b7659a53be26da68bd6e553263113713ccf7523c7bf374e29c269aacfe64ff33"},
    {file = "pyarmor_cli_core-8.1.0-cp313-none-macosx_11_0_arm64.whl", hash = "sha256:e89201cc59c256518df1141fe24143f8537b3005dcedeefb5b0fb7f163a7c3fb"},
    {file = "pyarmor_cli_core-8.1.0-cp313-none-manylinux1_i686.whl", hash = "sha256:ec7b666f653e02ca479f502d9c5d8ebe79d481fb692d97ce507fcea3b4cff587"},
    {file = "pyarmor_cli_core-8.1.0-cp313-none-manylinux1_x86_64.whl", hash = "sha256:432e0f7f1f9c54850a459f61e13621ab5accd6667bc135f4e8337502e51bebc4"},
    {file = "pyarmor_cli_core-8.1.0-cp313-none-manylinux2014_aarch64.whl", hash = "sha256:e3361081b7dfb3848080b3f4a669c7a26426fb8065665f50b0fa3a83b51734b4"},
    {file = "pyarmor_cli_core-8.1.0-cp313-none-manylinux2014_armv7l.whl", hash = "sha256:1c28a8f2643dfec58c6d257c7efe7e3eac8352e2dbf1b88cc325e36eb8e9cb19"},
    {file = "pyarmor_cli_core-8.1.0-cp313-none-musllinux_1_1_aarch64.whl", hash = "sha256:c6687d5ab5e3ca8d127899dfc2553cd2591dbeb4027c68726d87ea243f8b74ba"},
    {file = "pyarmor_cli_core-8.1.0-cp313-none-musllinux_1_1_x86_64.whl", hash = "sha256:a5648d029a03966cebcc5e8b232b29f00bd1e49e7c1e041cc17c1d99ee785134"},
    {file = "pyarmor_cli_core-8.1.0-cp313-none-win32.whl", hash = "sha256:8697e48a3175806f18aa35c00a75259cfbec14c348efc8fcfdb55d6cb68cae8d"},
    {file = "pyarmor_cli_core-8.1.0-cp313-none-win_amd64.whl", hash = "sha256:0dd2762fd6f2fb4e95c95339c2d20564af487c6563f20f2e424c3eb0919b3414"},
    {file = "pyarmor_cli_core-8.1.0-cp314-none-macosx_10_14_x86_64.whl", hash = "sha256:a454abc5ea9467ef08185fd06aaa243263022d56a0d24d0cbcc1a5b6106c2260"},
    {file = "pyarmor_cli_core-8.1.0-cp314-none-macosx_11_0_arm64.whl", hash = "sha256:66e34d23815aa6d96a1180a44af8ece9e0d50f543406798c6cd3ca3e0685cad8"},
    {file = "pyarmor_cli_core-8.1.0-cp314-none-manylinux1_i686.whl", hash = "sha256:adf95f0b3a9e5f77f008543d77fb1c93b228e42918b1bbb0883d7238dfd7c36b"},
    {file = "pyarmor_cli_core-8.1.0-cp314-none-manylinux1_x86_64.whl", hash = "sha256:964167cecdc897c53b154ecac88ff3ff376bec5760ec7229022de434f0bc4fed"},
    {file = "pyarmor_cli_core-8.1.0-cp314-none-manylinux2014_aarch64.whl", hash = "sha256:309ffc600e588abbeba7a6cf07f5fef2c8c978c389c5ab1c4cd3144fa9087715"},
    {file = "pyarmor_cli_core-8.1.0-cp314-none-manylinux2014_armv7l.whl", hash = "sha256:6ef2aa2aea8e0c7ded413722d9a4ff460b5df021411b8f815f2cdff45f75e76f"},
    {file = "pyarmor_cli_core-8.1.0-cp314-none-musllinux_1_1_aarch64.whl", hash = "sha256:15616ba1c3e53079e6f57948ca0f8ed15996e68e4efc662523988497041071ee"},
    {file = "pyarmor_cli_core-8.1.0-cp314-none-musllinux_1_1_x86_64.whl", hash = "sha256:6ab953f303b72c9e3c76a9d5171bbf8b13a6f1fd1976fd3864c9276ac9be19d9"},
    {file = "pyarmor_cli_core-8.1.0-cp314-none-win32.whl", hash = "sha256:3ee715136f4d47458def84291246a3ded06e4590a277c31795eff9454d48eaf8"},
    {file = "pyarmor_cli_core-8.1.0-cp314-none-win_amd64.whl", hash = "sha256:a208e3789bc043df574dedc4554c47ebf71bf810f5c9b897583dcd0408611156"},
    {file = "pyarmor_cli_core-8.1.0-cp315-none-macosx_10_14_x86_64.whl", hash = "sha256:a967bdb7719a826f99eea4dfbe2230bfa03898b572f4a81829558c8c19b8e92e"},
    {file = "pyarmor_cli_core-8.1.0-cp315-none-macosx_11_0_arm64.whl", hash = "sha256:edf2a04e1f3b694cba63d92dfc87987c40c0e8dedca418611767eb403c12086a"},
    {file = "pyarmor_cli_core-8.1.0-cp315-none-manylinux1_i686.whl", hash = "sha256:fe098c4e50ee84acb0508a0f795164a2108e476ad8f0b8dfa014975cc6a9f2c7"},
    {file = "pyarmor_cli_core-8.1.0-cp315-none-manylinux1_x86_64.whl", hash = "sha256:11d31836182cc94a5bd27957d39cbb7f950480fea5cf37dafa931dfd470ac9f1"},
    {file = "pyarmor_cli_core-8.1.0-cp315-none-manylinux2014_aarch64.whl", hash = "sha256:e17b9f2f916996f8aa7292b8417c3d7460b37a3926ba32aa25f7bb47d6ba669b"},
    {file = "pyarmor_cli_core-8.1.0-cp315-none-manylinux2014_armv7l.whl", hash = "sha256:02aa64b212ffee806c1e8a5f25546a1eaa5c246ae4a85ed2668b99b267006b48"},
    {file = "pyarmor_cli_core-8.1.0-cp315-none-musllinux_1_1_aarch64.whl", hash = "sha256:b354169c214d90a1fa13e71bc872fc14c09b7dbd0529dd7669ff4aa0117ecf64"},
    {file = "pyarmor_cli_core-8.1.0-cp315-none-musllinux_1_1_x86_64.whl", hash = "sha256:75d79568b684c678111324832cddc9fa841d3efdf05a95688a3658529af2d959"},
    {file = "pyarmor_cli_core-8.1.0-cp315-none-win32.whl", hash = "sha256:ef87f7933a0aa115ae3a57ea4379a9312595d931f5c83007b4065c6cf1e14e3d"},
    {file = "pyarmor_cli_core-8.1.0-cp315-none-win_amd64.whl", hash = "sha256:e90a7c18d42b08535bf25142b73bbb32bdfd57c9954767dc08d65c00b50b79bb"},
    {file = "pyarmor_cli_core-8.1.0-cp37-none-macosx_10_14_x86_64.whl", hash = "sha256:87fe23dc0888c6a461718bed52d51af99ce426b2962051a8db26e0d1d1584a22"},
    {file = "pyarmor_cli_core-8.1.0-cp37-none-manylinux1_i686.whl", hash = "sha256:0a4dc77079e07e98775dc1d9953b27ef22a45bd99a9063062be51b239d8b1120"},
    {file = "pyarmor_cli_core-8.1.0-cp37-none-manylinux1_x86_64.whl", hash = "sha256:d1f1d423d26355f721b9c8c39ebdaf63c4f7b1b43ac94e0675386fe3d103a08d"},
    {file = "pyarmor_cli_core-8.1.0-cp37-none-manylinux2014_aarch64.whl", hash = "sha256:8daec68966f57cd6b110a972cc91f60d06414d8fa65067ae71fc3aaa2201e249"},
    {file = "pyarmor_cli_core-8.1.0-cp37-none-manylinux2014_armv7l.whl", hash = "sha256:ae2a9c16b3c998481a7ccc8d51cdacbe8bf68122478eac2129fa8302b127d793"},
    {file = "pyarmor_cli_core-8.1.0-cp37-none-musllinux_1_1_aarch64.whl", hash = "sha256:fdf05e0f43f895aadc5b60e4e55fae5f5e0580feadc44de1a63682abb07cc1ee"},
    {file = "pyarmor_cli_core-8.1.0-cp37-none-musllinux_1_1_x86_64.whl", hash = "sha256:72990b6ffaab88b4f11950f9594633e575aea17d7164c2c906c7c53276dc121a"},
    {file = "pyarmor_cli_core-8.1.0-cp37-none-win32.whl", hash = "sha256:3ce4f28489268568d27191a08ad496369ff2f2164846c8cba2d409449d4a2d58"},
    {file = "pyarmor_cli_core-8.1.0-cp37-none-win_amd64.whl", hash = "sha256:938dff889fb9048fab45b9abe0509d0f7b3f8c9cd3fbd67a05a0f6493ff2e171"},
    {file = "pyarmor_cli_core-8.1.0-cp38-none-macosx_10_14_x86_64.whl", hash = "sha256:85fe64cb4e823c62e50c5a3420b879f3ec2cb36f6fd18690112689882230e10b"},
    {file = "pyarmor_cli_core-8.1.0-cp38-none-manylinux1_i686.whl", hash = "sha256:097c4465cfb38d803b26a3a6db3270579afbf69744b0efdd93c02033e9a2de55"},
    {file = "pyarmor_cli_core-8.1.0-cp38-none-manylinux1_x86_64.whl", hash = "sha256:0e49691da5691b88459bf4ad9f8f7a21d80e513c41493561214c574f9be752cb"},
    {file = "pyarmor_cli_core-8.1.0-cp38-none-manylinux2014_aarch64.whl", hash = "sha256:308067ffd63741aa6e2b1eefbf6c57ef77ed92498d72aa9d0b114371e34a6008"},
    {file = "pyarmor_cli_core-8.1.0-cp38-none-manylinux2014_armv7l.whl", hash = "sha256:967ea42c8e0554ba9def77734fcf8c613614b48fa6da8df2a0d8a4c08fe0bdca"},
    {file = "pyarmor_cli_core-8.1.0-cp38-none-musllinux_1_1_aarch64.whl", hash = "sha256:3348116c3c8994f9d386254d5ffa0dcd18f060f7ab3d5c6f52fbd87439d79de3"},
    {file = "pyarmor_cli_core-8.1.0-cp38-none-musllinux_1_1_x86_64.whl", hash = "sha256:35673cf164a15f04bd613ff7a96368008e9b04e60400100b15b97144f24830de"},
    {file = "pyarmor_cli_core-8.1.0-cp38-none-win32.whl", hash = "sha256:8a4da6c8dbce91f735c11ab4db7185176951ffbbb4a4d1ec35b1f58eb14333bc"},
    {file = "pyarmor_cli_core-8.1.0-cp38-none-win_amd64.whl", hash = "sha256:18f187b691a33b29d400600ee8d041d6a66c9e81428dddf6d44a2719775a1bad"},
    {file = "pyarmor_cli_core-8.1.0-cp39-none-macosx_10_14_x86_64.whl", hash = "sha256:f6287d42da28cf42fa689411ff55eecea0d5a6acb4d75c3e882a8f5aacd7cf23"},
    {file = "pyarmor_cli_core-8.1.0-cp39-none-macosx_11_0_arm64.whl", hash = "sha256:d23c1eb3b01c5d6e515e1057260bbfc64bc05897b81aa2e1766ffddbd4f9fc59"},
    {file = "pyarmor_cli_core-8.1.0-cp39-none-manylinux1_i686.whl", hash = "sha256:adb14bda4762f12e62e4db78ea37ef2ca4b3258fa046443fcc62683331bde0dd"},
    {file = "pyarmor_cli_core-8.1.0-cp39-none-manylinux1_x86_64.whl", hash = "sha256:b884118e3f2c7d5cff40119a8318226ccacdd176d1106d491917a88976d1843f"},
    {file = "pyarmor_cli_core-8.1.0-cp39-none-manylinux2014_aarch64.whl", hash = "sha256:170ebe5c5e07d59e0471cc74922984a6019ed47bf4d8dbc00819a22f1feb895c"},
    {file = "pyarmor_cli_core-8.1.0-cp39-none-manylinux2014_armv7l.whl", hash = "sha256:11687e3e8487f50768b85663643242d1ddcb7ad804bdabfc35940e4d088ec259"},
    {file = "pyarmor_cli_core-8.1.0-cp39-none-musllinux_1_1_aarch64.whl", hash = "sha256:301d13e778b189676741575221045c8a430bab2ca9153a5e609eec3d472ac020"},
    {file = "pyarmor_cli_core-8.1.0-cp39-none-musllinux_1_1_x86_64.whl", hash = "sha256:ee5ad09de2402f0e115e02fa50b6ee54b61393c549f3c02c1aa5f15d1017d341"},
    {file = "pyarmor_cli_core-8.1.0-cp39-none-win32.whl", hash = "sha256:5db77e7d3a19685c24960296c8993f1b235a220eb515cf1e6e78efc71d7f3ce1"},
    {file = "pyarmor_cli_core-8.1.0-cp39-none-win_amd64.whl", hash = "sha256:44ab15c39d72e5d35370bf4e0536dc1efc04decb7c28bc0e214bc559e3d5c5fc"},
    {file = "pyarmor_cli_core-8.1.0-py3-none-any.whl", hash = "sha256:72d4704ea468fcce761526f702f36d0d7a9c2b319452840a40e053909625effe"},
    {file = "pyarmor_cli_core-8.1.0.tar.gz", hash = "sha256:0a1abb280947b0c67897a1a459f23b2d674ca7b9e3dc2078bd76b53a10bc6955"},
]

[[package]]
name = "six"
version = "1.17.0"
description = "Python 2 and 3 compatibility utilities"
optional = false
python-versions = "!=3.0.*,!=3.1.*,!=3.2.*,>=2.7"
groups = ["main"]
files = [
    {file = "six-1.17.0-py2.py3-none-any.whl", hash = "sha256:4721f391ed90541fddacab5acf947aa0d3dc7d27b2e1e8eda2be8970586c3274"},
    {file = "six-1.17.0.tar.gz", hash = "sha256:ff70335d468e7eb6ec65b95b99d3a2836546063f63acc5171de367e834932a81"},
]

[extras]
pyarmor = ["pyarmor"]

[metadata]
lock-version = "2.1"
python-versions = ">=3.9,<4.0"
content-hash = "7f3169790f1969531575038e341eb5808137f5ac34dbb1b2b5252a7833352bf1"
